prepare:
  cmd: python src/prepare.py data/data.xml
  deps:
  - path: data/data.xml
    md5: 7f91bc0c46c7b915cca0f798daeff249
  - path: src/prepare.py
    md5: 285af85d794bb57e5d09ace7209f3519
  params:
    params.yaml:
      prepare.seed: 20170428
      prepare.split: 0.2
  outs:
  - path: data/prepared
    md5: 144f145c2c213f4b74f70c1aaeaec48d.dir
featurize:
  cmd: python src/featurization.py data/prepared data/features
  deps:
  - path: data/prepared
    md5: 144f145c2c213f4b74f70c1aaeaec48d.dir
  - path: src/featurization.py
    md5: 02180903aa05599ceaa6ff6ee2471d00
  params:
    params.yaml:
      featurize.max_features: 500
      featurize.ngrams: 1
  outs:
  - path: data/features
    md5: 5d8ef257195a5ac97965f70916bb616f.dir
train:
  cmd: python src/train.py data/features model.pkl
  deps:
  - path: data/features
    md5: 5d8ef257195a5ac97965f70916bb616f.dir
  - path: src/train.py
    md5: ad8e71b2cca4334a7d3bb6495645068c
  params:
    params.yaml:
      train.n_estimators: 100
      train.seed: 20170428
  outs:
  - path: model.pkl
    md5: 4ea8c3526e7fd9aa671ebdd241527a62
evaluate:
  cmd: python src/evaluate.py model.pkl data/features scores.json prc.json
  deps:
  - path: data/features
    md5: 5d8ef257195a5ac97965f70916bb616f.dir
  - path: model.pkl
    md5: 4ea8c3526e7fd9aa671ebdd241527a62
  - path: src/evaluate.py
    md5: 631fd3f13434edcf4abd56a5b798e8b2
  outs:
  - path: prc.json
    md5: 7214fd039e5f47be828b58761cc4200d
  - path: scores.json
    md5: 01ff38e2ca1a845e5ac334aac7ebc6bb
